// !$*UTF8*$!
{
	archiveVersion = 1;
	classes = {
	};
	objectVersion = 46;
	objects = {

/* Begin PBXBuildFile section */
		2D0993D81CE1D73E00ACB896 /* main.m in Sources */ = {isa = PBXBuildFile; fileRef = 2D0993D71CE1D73E00ACB896 /* main.m */; };
		2D0993DB1CE1D73E00ACB896 /* AppDelegate.m in Sources */ = {isa = PBXBuildFile; fileRef = 2D0993DA1CE1D73E00ACB896 /* AppDelegate.m */; };
		2D0993E11CE1D73E00ACB896 /* Main.storyboard in Resources */ = {isa = PBXBuildFile; fileRef = 2D0993DF1CE1D73E00ACB896 /* Main.storyboard */; };
		2D0993E31CE1D73E00ACB896 /* Assets.xcassets in Resources */ = {isa = PBXBuildFile; fileRef = 2D0993E21CE1D73E00ACB896 /* Assets.xcassets */; };
		2D0993E61CE1D73E00ACB896 /* LaunchScreen.storyboard in Resources */ = {isa = PBXBuildFile; fileRef = 2D0993E41CE1D73E00ACB896 /* LaunchScreen.storyboard */; };
		2D0993EF1CE1D89100ACB896 /* JournalItemsCollectionViewController.m in Sources */ = {isa = PBXBuildFile; fileRef = 2D0993EE1CE1D89100ACB896 /* JournalItemsCollectionViewController.m */; };
		2D0993F21CE1D94900ACB896 /* ModelJournalData.xcdatamodeld in Sources */ = {isa = PBXBuildFile; fileRef = 2D0993F01CE1D94900ACB896 /* ModelJournalData.xcdatamodeld */; };
		2D0994021CE1FF2B00ACB896 /* ItemCollectionViewCell.m in Sources */ = {isa = PBXBuildFile; fileRef = 2D0994011CE1FF2B00ACB896 /* ItemCollectionViewCell.m */; };
		2D0994051CE2012C00ACB896 /* JournalItem.m in Sources */ = {isa = PBXBuildFile; fileRef = 2D0994041CE2012C00ACB896 /* JournalItem.m */; };
		2D3EC9301CEB40A600B2FA78 /* DataDownloader.m in Sources */ = {isa = PBXBuildFile; fileRef = 2D3EC92F1CEB40A600B2FA78 /* DataDownloader.m */; };
		2D7545221CEB00F000C64524 /* Item+CoreDataProperties.m in Sources */ = {isa = PBXBuildFile; fileRef = 2D75451F1CEB00F000C64524 /* Item+CoreDataProperties.m */; };
		2D7545231CEB00F000C64524 /* Item.m in Sources */ = {isa = PBXBuildFile; fileRef = 2D7545211CEB00F000C64524 /* Item.m */; };
/* End PBXBuildFile section */

/* Begin PBXFileReference section */
		2D0993D31CE1D73E00ACB896 /* GetItems.app */ = {isa = PBXFileReference; explicitFileType = wrapper.application; includeInIndex = 0; path = GetItems.app; sourceTree = BUILT_PRODUCTS_DIR; };
		2D0993D71CE1D73E00ACB896 /* main.m */ = {isa = PBXFileReference; lastKnownFileType = sourcecode.c.objc; path = main.m; sourceTree = "<group>"; };
		2D0993D91CE1D73E00ACB896 /* AppDelegate.h */ = {isa = PBXFileReference; lastKnownFileType = sourcecode.c.h; path = AppDelegate.h; sourceTree = "<group>"; };
		2D0993DA1CE1D73E00ACB896 /* AppDelegate.m */ = {isa = PBXFileReference; lastKnownFileType = sourcecode.c.objc; path = AppDelegate.m; sourceTree = "<group>"; };
		2D0993E01CE1D73E00ACB896 /* Base */ = {isa = PBXFileReference; lastKnownFileType = file.storyboard; name = Base; path = Base.lproj/Main.storyboard; sourceTree = "<group>"; };
		2D0993E21CE1D73E00ACB896 /* Assets.xcassets */ = {isa = PBXFileReference; lastKnownFileType = folder.assetcatalog; path = Assets.xcassets; sourceTree = "<group>"; };
		2D0993E51CE1D73E00ACB896 /* Base */ = {isa = PBXFileReference; lastKnownFileType = file.storyboard; name = Base; path = Base.lproj/LaunchScreen.storyboard; sourceTree = "<group>"; };
		2D0993E71CE1D73E00ACB896 /* Info.plist */ = {isa = PBXFileReference; lastKnownFileType = text.plist.xml; path = Info.plist; sourceTree = "<group>"; };
		2D0993ED1CE1D89100ACB896 /* JournalItemsCollectionViewController.h */ = {isa = PBXFileReference; fileEncoding = 4; lastKnownFileType = sourcecode.c.h; path = JournalItemsCollectionViewController.h; sourceTree = "<group>"; };
		2D0993EE1CE1D89100ACB896 /* JournalItemsCollectionViewController.m */ = {isa = PBXFileReference; fileEncoding = 4; lastKnownFileType = sourcecode.c.objc; path = JournalItemsCollectionViewController.m; sourceTree = "<group>"; };
		2D0993F11CE1D94900ACB896 /* ModelJournalData.xcdatamodel */ = {isa = PBXFileReference; lastKnownFileType = wrapper.xcdatamodel; path = ModelJournalData.xcdatamodel; sourceTree = "<group>"; };
		2D0994001CE1FF2B00ACB896 /* ItemCollectionViewCell.h */ = {isa = PBXFileReference; fileEncoding = 4; lastKnownFileType = sourcecode.c.h; name = ItemCollectionViewCell.h; path = ../ItemCollectionViewCell.h; sourceTree = "<group>"; };
		2D0994011CE1FF2B00ACB896 /* ItemCollectionViewCell.m */ = {isa = PBXFileReference; fileEncoding = 4; lastKnownFileType = sourcecode.c.objc; name = ItemCollectionViewCell.m; path = ../ItemCollectionViewCell.m; sourceTree = "<group>"; };
		2D0994031CE2012C00ACB896 /* JournalItem.h */ = {isa = PBXFileReference; fileEncoding = 4; lastKnownFileType = sourcecode.c.h; path = JournalItem.h; sourceTree = "<group>"; };
		2D0994041CE2012C00ACB896 /* JournalItem.m */ = {isa = PBXFileReference; fileEncoding = 4; lastKnownFileType = sourcecode.c.objc; path = JournalItem.m; sourceTree = "<group>"; };
		2D3EC92E1CEB40A600B2FA78 /* DataDownloader.h */ = {isa = PBXFileReference; fileEncoding = 4; lastKnownFileType = sourcecode.c.h; path = DataDownloader.h; sourceTree = "<group>"; };
		2D3EC92F1CEB40A600B2FA78 /* DataDownloader.m */ = {isa = PBXFileReference; fileEncoding = 4; lastKnownFileType = sourcecode.c.objc; path = DataDownloader.m; sourceTree = "<group>"; };
		2D75451E1CEB00F000C64524 /* Item+CoreDataProperties.h */ = {isa = PBXFileReference; fileEncoding = 4; lastKnownFileType = sourcecode.c.h; path = "Item+CoreDataProperties.h"; sourceTree = "<group>"; };
		2D75451F1CEB00F000C64524 /* Item+CoreDataProperties.m */ = {isa = PBXFileReference; fileEncoding = 4; lastKnownFileType = sourcecode.c.objc; path = "Item+CoreDataProperties.m"; sourceTree = "<group>"; };
		2D7545201CEB00F000C64524 /* Item.h */ = {isa = PBXFileReference; fileEncoding = 4; lastKnownFileType = sourcecode.c.h; path = Item.h; sourceTree = "<group>"; };
		2D7545211CEB00F000C64524 /* Item.m */ = {isa = PBXFileReference; fileEncoding = 4; lastKnownFileType = sourcecode.c.objc; path = Item.m; sourceTree = "<group>"; };
/* End PBXFileReference section */

/* Begin PBXFrameworksBuildPhase section */
		2D0993D01CE1D73E00ACB896 /* Frameworks */ = {
			isa = PBXFrameworksBuildPhase;
			buildActionMask = 2147483647;
			files = (
			);
			runOnlyForDeploymentPostprocessing = 0;
		};
/* End PBXFrameworksBuildPhase section */

/* Begin PBXGroup section */
		2D0993CA1CE1D73E00ACB896 = {
			isa = PBXGroup;
			children = (
				2D0993D51CE1D73E00ACB896 /* GetItems */,
				2D0993D41CE1D73E00ACB896 /* Products */,
			);
			sourceTree = "<group>";
		};
		2D0993D41CE1D73E00ACB896 /* Products */ = {
			isa = PBXGroup;
			children = (
				2D0993D31CE1D73E00ACB896 /* GetItems.app */,
			);
			name = Products;
			sourceTree = "<group>";
		};
		2D0993D51CE1D73E00ACB896 /* GetItems */ = {
			isa = PBXGroup;
			children = (
				2D7545241CEB3DAF00C64524 /* Model */,
				2D0994001CE1FF2B00ACB896 /* ItemCollectionViewCell.h */,
				2D0994011CE1FF2B00ACB896 /* ItemCollectionViewCell.m */,
				2D0993DF1CE1D73E00ACB896 /* Main.storyboard */,
				2D0993F01CE1D94900ACB896 /* ModelJournalData.xcdatamodeld */,
				2D0993EE1CE1D89100ACB896 /* JournalItemsCollectionViewController.m */,
				2D3EC92E1CEB40A600B2FA78 /* DataDownloader.h */,
				2D3EC92F1CEB40A600B2FA78 /* DataDownloader.m */,
				2D0993ED1CE1D89100ACB896 /* JournalItemsCollectionViewController.h */,
				2D0993E21CE1D73E00ACB896 /* Assets.xcassets */,
				2D0993E41CE1D73E00ACB896 /* LaunchScreen.storyboard */,
				2D0993E71CE1D73E00ACB896 /* Info.plist */,
				2D0993D61CE1D73E00ACB896 /* Supporting Files */,
			);
			path = GetItems;
			sourceTree = "<group>";
		};
		2D0993D61CE1D73E00ACB896 /* Supporting Files */ = {
			isa = PBXGroup;
			children = (
				2D0993D91CE1D73E00ACB896 /* AppDelegate.h */,
				2D0993DA1CE1D73E00ACB896 /* AppDelegate.m */,
				2D0993D71CE1D73E00ACB896 /* main.m */,
			);
			name = "Supporting Files";
			sourceTree = "<group>";
		};
		2D7545241CEB3DAF00C64524 /* Model */ = {
			isa = PBXGroup;
			children = (
				2D0994031CE2012C00ACB896 /* JournalItem.h */,
				2D0994041CE2012C00ACB896 /* JournalItem.m */,
				2D75451E1CEB00F000C64524 /* Item+CoreDataProperties.h */,
				2D75451F1CEB00F000C64524 /* Item+CoreDataProperties.m */,
				2D7545201CEB00F000C64524 /* Item.h */,
				2D7545211CEB00F000C64524 /* Item.m */,
			);
			name = Model;
			sourceTree = "<group>";
		};
/* End PBXGroup section */

/* Begin PBXNativeTarget section */
		2D0993D21CE1D73E00ACB896 /* GetItems */ = {
			isa = PBXNativeTarget;
			buildConfigurationList = 2D0993EA1CE1D73E00ACB896 /* Build configuration list for PBXNativeTarget "GetItems" */;
			buildPhases = (
				2D0993CF1CE1D73E00ACB896 /* Sources */,
				2D0993D01CE1D73E00ACB896 /* Frameworks */,
				2D0993D11CE1D73E00ACB896 /* Resources */,
			);
			buildRules = (
			);
			dependencies = (
			);
			name = GetItems;
			productName = GetItems;
			productReference = 2D0993D31CE1D73E00ACB896 /* GetItems.app */;
			productType = "com.apple.product-type.application";
		};
/* End PBXNativeTarget section */

/* Begin PBXProject section */
		2D0993CB1CE1D73E00ACB896 /* Project object */ = {
			isa = PBXProject;
			attributes = {
				LastUpgradeCheck = 0730;
				ORGANIZATIONNAME = "Valery Ponomarenko";
				TargetAttributes = {
					2D0993D21CE1D73E00ACB896 = {
						CreatedOnToolsVersion = 7.3.1;
					};
				};
			};
			buildConfigurationList = 2D0993CE1CE1D73E00ACB896 /* Build configuration list for PBXProject "GetItems" */;
			compatibilityVersion = "Xcode 3.2";
			developmentRegion = English;
			hasScannedForEncodings = 0;
			knownRegions = (
				en,
				Base,
			);
			mainGroup = 2D0993CA1CE1D73E00ACB896;
			productRefGroup = 2D0993D41CE1D73E00ACB896 /* Products */;
			projectDirPath = "";
			projectRoot = "";
			targets = (
				2D0993D21CE1D73E00ACB896 /* GetItems */,
			);
		};
/* End PBXProject section */

/* Begin PBXResourcesBuildPhase section */
		2D0993D11CE1D73E00ACB896 /* Resources */ = {
			isa = PBXResourcesBuildPhase;
			buildActionMask = 2147483647;
			files = (
				2D0993E61CE1D73E00ACB896 /* LaunchScreen.storyboard in Resources */,
				2D0993E31CE1D73E00ACB896 /* Assets.xcassets in Resources */,
				2D0993E11CE1D73E00ACB896 /* Main.storyboard in Resources */,
			);
			runOnlyForDeploymentPostprocessing = 0;
		};
/* End PBXResourcesBuildPhase section */

/* Begin PBXSourcesBuildPhase section */
		2D0993CF1CE1D73E00ACB896 /* Sources */ = {
			isa = PBXSourcesBuildPhase;
			buildActionMask = 2147483647;
			files = (
				2D7545231CEB00F000C64524 /* Item.m in Sources */,
				2D0994021CE1FF2B00ACB896 /* ItemCollectionViewCell.m in Sources */,
				2D7545221CEB00F000C64524 /* Item+CoreDataProperties.m in Sources */,
				2D0993EF1CE1D89100ACB896 /* JournalItemsCollectionViewController.m in Sources */,
				2D3EC9301CEB40A600B2FA78 /* DataDownloader.m in Sources */,
				2D0994051CE2012C00ACB896 /* JournalItem.m in Sources */,
				2D0993DB1CE1D73E00ACB896 /* AppDelegate.m in Sources */,
				2D0993D81CE1D73E00ACB896 /* main.m in Sources */,
				2D0993F21CE1D94900ACB896 /* ModelJournalData.xcdatamodeld in Sources */,
			);
			runOnlyForDeploymentPostprocessing = 0;
		};
/* End PBXSourcesBuildPhase section */

/* Begin PBXVariantGroup section */
		2D0993DF1CE1D73E00ACB896 /* Main.storyboard */ = {
			isa = PBXVariantGroup;
			children = (
				2D0993E01CE1D73E00ACB896 /* Base */,
			);
			name = Main.storyboard;
			sourceTree = "<group>";
		};
		2D0993E41CE1D73E00ACB896 /* LaunchScreen.storyboard */ = {
			isa = PBXVariantGroup;
			children = (
				2D0993E51CE1D73E00ACB896 /* Base */,
			);
			name = LaunchScreen.storyboard;
			sourceTree = "<group>";
		};
/* End PBXVariantGroup section */

/* Begin XCBuildConfiguration section */
		2D0993E81CE1D73E00ACB896 /* Debug */ = {
			isa = XCBuildConfiguration;
			buildSettings = {
				ALWAYS_SEARCH_USER_PATHS = NO;
				CLANG_ANALYZER_NONNULL = YES;
				CLANG_CXX_LANGUAGE_STANDARD = "gnu++0x";
				CLANG_CXX_LIBRARY = "libc++";
				CLANG_ENABLE_MODULES = YES;
				CLANG_ENABLE_OBJC_ARC = YES;
				CLANG_WARN_BOOL_CONVERSION = YES;
				CLANG_WARN_CONSTANT_CONVERSION = YES;
				CLANG_WARN_DIRECT_OBJC_ISA_USAGE = YES_ERROR;
				CLANG_WARN_EMPTY_BODY = YES;
				CLANG_WARN_ENUM_CONVERSION = YES;
				CLANG_WARN_INT_CONVERSION = YES;
				CLANG_WARN_OBJC_ROOT_CLASS = YES_ERROR;
				CLANG_WARN_UNREACHABLE_CODE = YES;
				CLANG_WARN__DUPLICATE_METHOD_MATCH = YES;
				"CODE_SIGN_IDENTITY[sdk=iphoneos*]" = "iPhone Developer";
				COPY_PHASE_STRIP = NO;
				DEBUG_INFORMATION_FORMAT = dwarf;
				ENABLE_STRICT_OBJC_MSGSEND = YES;
				ENABLE_TESTABILITY = YES;
				GCC_C_LANGUAGE_STANDARD = gnu99;
				GCC_DYNAMIC_NO_PIC = NO;
				GCC_NO_COMMON_BLOCKS = YES;
				GCC_OPTIMIZATION_LEVEL = 0;
				GCC_PREPROCESSOR_DEFINITIONS = (
					"DEBUG=1",
					"$(inherited)",
				);
				GCC_WARN_64_TO_32_BIT_CONVERSION = YES;
				GCC_WARN_ABOUT_RETURN_TYPE = YES_ERROR;
				GCC_WARN_UNDECLARED_SELECTOR = YES;
				GCC_WARN_UNINITIALIZED_AUTOS = YES_AGGRESSIVE;
				GCC_WARN_UNUSED_FUNCTION = YES;
				GCC_WARN_UNUSED_VARIABLE = YES;
				IPHONEOS_DEPLOYMENT_TARGET = 9.3;
				MTL_ENABLE_DEBUG_INFO = YES;
				ONLY_ACTIVE_ARCH = YES;
				SDKROOT = iphoneos;
				TARGETED_DEVICE_FAMILY = "1,2";
			};
			name = Debug;
		};
		2D0993E91CE1D73E00ACB896 /* Release */ = {
			isa = XCBuildConfiguration;
			buildSettings = {
				ALWAYS_SEARCH_USER_PATHS = NO;
				CLANG_ANALYZER_NONNULL = YES;
				CLANG_CXX_LANGUAGE_STANDARD = "gnu++0x";
				CLANG_CXX_LIBRARY = "libc++";
				CLANG_ENABLE_MODULES = YES;
				CLANG_ENABLE_OBJC_ARC = YES;
				CLANG_WARN_BOOL_CONVERSION = YES;
				CLANG_WARN_CONSTANT_CONVERSION = YES;
				CLANG_WARN_DIRECT_OBJC_ISA_USAGE = YES_ERROR;
				CLANG_WARN_EMPTY_BODY = YES;
				CLANG_WARN_ENUM_CONVERSION = YES;
				CLANG_WARN_INT_CONVERSION = YES;
				CLANG_WARN_OBJC_ROOT_CLASS = YES_ERROR;
				CLANG_WARN_UNREACHABLE_CODE = YES;
				CLANG_WARN__DUPLICATE_METHOD_MATCH = YES;
				"CODE_SIGN_IDENTITY[sdk=iphoneos*]" = "iPhone Developer";
				COPY_PHASE_STRIP = NO;
				DEBUG_INFORMATION_FORMAT = "dwarf-with-dsym";
				ENABLE_NS_ASSERTIONS = NO;
				ENABLE_STRICT_OBJC_MSGSEND = YES;
				GCC_C_LANGUAGE_STANDARD = gnu99;
				GCC_NO_COMMON_BLOCKS = YES;
				GCC_WARN_64_TO_32_BIT_CONVERSION = YES;
				GCC_WARN_ABOUT_RETURN_TYPE = YES_ERROR;
				GCC_WARN_UNDECLARED_SELECTOR = YES;
				GCC_WARN_UNINITIALIZED_AUTOS = YES_AGGRESSIVE;
				GCC_WARN_UNUSED_FUNCTION = YES;
				GCC_WARN_UNUSED_VARIABLE = YES;
				IPHONEOS_DEPLOYMENT_TARGET = 9.3;
				MTL_ENABLE_DEBUG_INFO = NO;
				SDKROOT = iphoneos;
				TARGETED_DEVICE_FAMILY = "1,2";
				VALIDATE_PRODUCT = YES;
			};
			name = Release;
		};
		2D0993EB1CE1D73E00ACB896 /* Debug */ = {
			isa = XCBuildConfiguration;
			buildSettings = {
				ASSETCATALOG_COMPILER_APPICON_NAME = AppIcon;
				INFOPLIST_FILE = GetItems/Info.plist;
				IPHONEOS_DEPLOYMENT_TARGET = 9.0;
				LD_RUNPATH_SEARCH_PATHS = "$(inherited) @executable_path/Frameworks";
				PRODUCT_BUNDLE_IDENTIFIER = test.GetItems;
				PRODUCT_NAME = "$(TARGET_NAME)";
			};
			name = Debug;
		};
		2D0993EC1CE1D73E00ACB896 /* Release */ = {
			isa = XCBuildConfiguration;
			buildSettings = {
				ASSETCATALOG_COMPILER_APPICON_NAME = AppIcon;
				INFOPLIST_FILE = GetItems/Info.plist;
				IPHONEOS_DEPLOYMENT_TARGET = 9.0;
				LD_RUNPATH_SEARCH_PATHS = "$(inherited) @executable_path/Frameworks";
				PRODUCT_BUNDLE_IDENTIFIER = test.GetItems;
				PRODUCT_NAME = "$(TARGET_NAME)";
			};
			name = Release;
		};
/* End XCBuildConfiguration section */

/* Begin XCConfigurationList section */
		2D0993CE1CE1D73E00ACB896 /* Build configuration list for PBXProject "GetItems" */ = {
			isa = XCConfigurationList;
			buildConfigurations = (
				2D0993E81CE1D73E00ACB896 /* Debug */,
				2D0993E91CE1D73E00ACB896 /* Release */,
			);
			defaultConfigurationIsVisible = 0;
			defaultConfigurationName = Release;
		};
		2D0993EA1CE1D73E00ACB896 /* Build configuration list for PBXNativeTarget "GetItems" */ = {
			isa = XCConfigurationList;
			buildConfigurations = (
				2D0993EB1CE1D73E00ACB896 /* Debug */,
				2D0993EC1CE1D73E00ACB896 /* Release */,
			);
			defaultConfigurationIsVisible = 0;
			defaultConfigurationName = Release;
		};
/* End XCConfigurationList section */

/* Begin XCVersionGroup section */
		2D0993F01CE1D94900ACB896 /* ModelJournalData.xcdatamodeld */ = {
			isa = XCVersionGroup;
			children = (
				2D0993F11CE1D94900ACB896 /* ModelJournalData.xcdatamodel */,
			);
			currentVersion = 2D0993F11CE1D94900ACB896 /* ModelJournalData.xcdatamodel */;
			path = ModelJournalData.xcdatamodeld;
			sourceTree = "<group>";
			versionGroupType = wrapper.xcdatamodel;
		};
/* End XCVersionGroup section */
	};
	rootObject = 2D0993CB1CE1D73E00ACB896 /* Project object */;
}
